// !$*UTF8*$!
{
	archiveVersion = 1;
	classes = {
	};
	objectVersion = 56;
	objects = {

/* Begin PBXBuildFile section */
		0A3269B92AF389910052E5BD /* TextFieldView.swift in Sources */ = {isa = PBXBuildFile; fileRef = 0A3269B82AF389910052E5BD /* TextFieldView.swift */; };
		0A3269BB2AF39B050052E5BD /* SpacerView.swift in Sources */ = {isa = PBXBuildFile; fileRef = 0A3269BA2AF39B050052E5BD /* SpacerView.swift */; };
		0A3269BD2AF3A2F10052E5BD /* CreateOrderViewModel.swift in Sources */ = {isa = PBXBuildFile; fileRef = 0A3269BC2AF3A2F10052E5BD /* CreateOrderViewModel.swift */; };
		0A5BF0372AF3B3E50036C559 /* ButtonView.swift in Sources */ = {isa = PBXBuildFile; fileRef = 0A5BF0362AF3B3E50036C559 /* ButtonView.swift */; };
		0A75B0032AF8E7D0008DC9E8 /* DropdownView.swift in Sources */ = {isa = PBXBuildFile; fileRef = 0A75B0022AF8E7D0008DC9E8 /* DropdownView.swift */; };
		0A7E5F282AEA38750077E9EE /* DynamicUIApp.swift in Sources */ = {isa = PBXBuildFile; fileRef = 0A7E5F272AEA38750077E9EE /* DynamicUIApp.swift */; };
		0A7E5F2C2AEA38760077E9EE /* Assets.xcassets in Resources */ = {isa = PBXBuildFile; fileRef = 0A7E5F2B2AEA38760077E9EE /* Assets.xcassets */; };
		0A7E5F2F2AEA38760077E9EE /* Preview Assets.xcassets in Resources */ = {isa = PBXBuildFile; fileRef = 0A7E5F2E2AEA38760077E9EE /* Preview Assets.xcassets */; };
		0AB6563F2AF0D2E5002F1B04 /* LabelView.swift in Sources */ = {isa = PBXBuildFile; fileRef = 0AB6563E2AF0D2E5002F1B04 /* LabelView.swift */; };
		0AB656422AF0D6DE002F1B04 /* DynamicModel.swift in Sources */ = {isa = PBXBuildFile; fileRef = 0AB656412AF0D6DE002F1B04 /* DynamicModel.swift */; };
		0AB6564A2AF26030002F1B04 /* MockData.json in Resources */ = {isa = PBXBuildFile; fileRef = 0AB656492AF26030002F1B04 /* MockData.json */; };
		0AB6564C2AF26058002F1B04 /* CreateOrder.json in Resources */ = {isa = PBXBuildFile; fileRef = 0AB6564B2AF26058002F1B04 /* CreateOrder.json */; };
		0AB656522AF26AA3002F1B04 /* CreateOrderView.swift in Sources */ = {isa = PBXBuildFile; fileRef = 0AB656512AF26AA3002F1B04 /* CreateOrderView.swift */; };
/* End PBXBuildFile section */

/* Begin PBXFileReference section */
		0A3269B82AF389910052E5BD /* TextFieldView.swift */ = {isa = PBXFileReference; lastKnownFileType = sourcecode.swift; path = TextFieldView.swift; sourceTree = "<group>"; };
		0A3269BA2AF39B050052E5BD /* SpacerView.swift */ = {isa = PBXFileReference; lastKnownFileType = sourcecode.swift; path = SpacerView.swift; sourceTree = "<group>"; };
		0A3269BC2AF3A2F10052E5BD /* CreateOrderViewModel.swift */ = {isa = PBXFileReference; lastKnownFileType = sourcecode.swift; path = CreateOrderViewModel.swift; sourceTree = "<group>"; };
		0A5BF0362AF3B3E50036C559 /* ButtonView.swift */ = {isa = PBXFileReference; lastKnownFileType = sourcecode.swift; path = ButtonView.swift; sourceTree = "<group>"; };
		0A75B0022AF8E7D0008DC9E8 /* DropdownView.swift */ = {isa = PBXFileReference; lastKnownFileType = sourcecode.swift; path = DropdownView.swift; sourceTree = "<group>"; };
		0A7E5F242AEA38750077E9EE /* DynamicUI.app */ = {isa = PBXFileReference; explicitFileType = wrapper.application; includeInIndex = 0; path = DynamicUI.app; sourceTree = BUILT_PRODUCTS_DIR; };
		0A7E5F272AEA38750077E9EE /* DynamicUIApp.swift */ = {isa = PBXFileReference; lastKnownFileType = sourcecode.swift; path = DynamicUIApp.swift; sourceTree = "<group>"; };
		0A7E5F2B2AEA38760077E9EE /* Assets.xcassets */ = {isa = PBXFileReference; lastKnownFileType = folder.assetcatalog; path = Assets.xcassets; sourceTree = "<group>"; };
		0A7E5F2E2AEA38760077E9EE /* Preview Assets.xcassets */ = {isa = PBXFileReference; lastKnownFileType = folder.assetcatalog; path = "Preview Assets.xcassets"; sourceTree = "<group>"; };
		0AB6563E2AF0D2E5002F1B04 /* LabelView.swift */ = {isa = PBXFileReference; lastKnownFileType = sourcecode.swift; path = LabelView.swift; sourceTree = "<group>"; };
		0AB656412AF0D6DE002F1B04 /* DynamicModel.swift */ = {isa = PBXFileReference; lastKnownFileType = sourcecode.swift; path = DynamicModel.swift; sourceTree = "<group>"; };
		0AB656492AF26030002F1B04 /* MockData.json */ = {isa = PBXFileReference; lastKnownFileType = text.json; path = MockData.json; sourceTree = "<group>"; };
		0AB6564B2AF26058002F1B04 /* CreateOrder.json */ = {isa = PBXFileReference; lastKnownFileType = text.json; path = CreateOrder.json; sourceTree = "<group>"; };
		0AB656512AF26AA3002F1B04 /* CreateOrderView.swift */ = {isa = PBXFileReference; lastKnownFileType = sourcecode.swift; path = CreateOrderView.swift; sourceTree = "<group>"; };
/* End PBXFileReference section */

/* Begin PBXFrameworksBuildPhase section */
		0A7E5F212AEA38750077E9EE /* Frameworks */ = {
			isa = PBXFrameworksBuildPhase;
			buildActionMask = 2147483647;
			files = (
			);
			runOnlyForDeploymentPostprocessing = 0;
		};
/* End PBXFrameworksBuildPhase section */

/* Begin PBXGroup section */
		0A7E5F1B2AEA38750077E9EE = {
			isa = PBXGroup;
			children = (
				0A7E5F262AEA38750077E9EE /* DynamicUI */,
				0A7E5F252AEA38750077E9EE /* Products */,
			);
			sourceTree = "<group>";
		};
		0A7E5F252AEA38750077E9EE /* Products */ = {
			isa = PBXGroup;
			children = (
				0A7E5F242AEA38750077E9EE /* DynamicUI.app */,
			);
			name = Products;
			sourceTree = "<group>";
		};
		0A7E5F262AEA38750077E9EE /* DynamicUI */ = {
			isa = PBXGroup;
			children = (
				0A7E5F272AEA38750077E9EE /* DynamicUIApp.swift */,
				0AB656412AF0D6DE002F1B04 /* DynamicModel.swift */,
				0AB656532AF26BFC002F1B04 /* Screen */,
				0AB656482AF2601E002F1B04 /* Json */,
				0AB6563D2AF0D2C7002F1B04 /* Components */,
				0A7E5F2B2AEA38760077E9EE /* Assets.xcassets */,
				0A7E5F2D2AEA38760077E9EE /* Preview Content */,
			);
			path = DynamicUI;
			sourceTree = "<group>";
		};
		0A7E5F2D2AEA38760077E9EE /* Preview Content */ = {
			isa = PBXGroup;
			children = (
				0A7E5F2E2AEA38760077E9EE /* Preview Assets.xcassets */,
			);
			path = "Preview Content";
			sourceTree = "<group>";
		};
		0AB6563D2AF0D2C7002F1B04 /* Components */ = {
			isa = PBXGroup;
			children = (
				0AB6563E2AF0D2E5002F1B04 /* LabelView.swift */,
				0A3269B82AF389910052E5BD /* TextFieldView.swift */,
				0A3269BA2AF39B050052E5BD /* SpacerView.swift */,
				0A5BF0362AF3B3E50036C559 /* ButtonView.swift */,
				0A75B0022AF8E7D0008DC9E8 /* DropdownView.swift */,
			);
			path = Components;
			sourceTree = "<group>";
		};
		0AB656482AF2601E002F1B04 /* Json */ = {
			isa = PBXGroup;
			children = (
				0AB656492AF26030002F1B04 /* MockData.json */,
				0AB6564B2AF26058002F1B04 /* CreateOrder.json */,
			);
			path = Json;
			sourceTree = "<group>";
		};
		0AB656532AF26BFC002F1B04 /* Screen */ = {
			isa = PBXGroup;
			children = (
				0AB656542AF26C07002F1B04 /* CreateOrder */,
			);
			path = Screen;
			sourceTree = "<group>";
		};
		0AB656542AF26C07002F1B04 /* CreateOrder */ = {
			isa = PBXGroup;
			children = (
				0AB656512AF26AA3002F1B04 /* CreateOrderView.swift */,
				0A3269BC2AF3A2F10052E5BD /* CreateOrderViewModel.swift */,
			);
			path = CreateOrder;
			sourceTree = "<group>";
		};
/* End PBXGroup section */

/* Begin PBXNativeTarget section */
		0A7E5F232AEA38750077E9EE /* DynamicUI */ = {
			isa = PBXNativeTarget;
			buildConfigurationList = 0A7E5F322AEA38760077E9EE /* Build configuration list for PBXNativeTarget "DynamicUI" */;
			buildPhases = (
				0A7E5F202AEA38750077E9EE /* Sources */,
				0A7E5F212AEA38750077E9EE /* Frameworks */,
				0A7E5F222AEA38750077E9EE /* Resources */,
			);
			buildRules = (
			);
			dependencies = (
			);
			name = DynamicUI;
			packageProductDependencies = (
			);
			productName = DynamicUI;
			productReference = 0A7E5F242AEA38750077E9EE /* DynamicUI.app */;
			productType = "com.apple.product-type.application";
		};
/* End PBXNativeTarget section */

/* Begin PBXProject section */
		0A7E5F1C2AEA38750077E9EE /* Project object */ = {
			isa = PBXProject;
			attributes = {
				BuildIndependentTargetsInParallel = 1;
				LastSwiftUpdateCheck = 1500;
				LastUpgradeCheck = 1500;
				TargetAttributes = {
					0A7E5F232AEA38750077E9EE = {
						CreatedOnToolsVersion = 15.0;
					};
				};
			};
			buildConfigurationList = 0A7E5F1F2AEA38750077E9EE /* Build configuration list for PBXProject "DynamicUI" */;
			compatibilityVersion = "Xcode 14.0";
			developmentRegion = en;
			hasScannedForEncodings = 0;
			knownRegions = (
				en,
				Base,
			);
			mainGroup = 0A7E5F1B2AEA38750077E9EE;
			packageReferences = (
			);
			productRefGroup = 0A7E5F252AEA38750077E9EE /* Products */;
			projectDirPath = "";
			projectRoot = "";
			targets = (
				0A7E5F232AEA38750077E9EE /* DynamicUI */,
			);
		};
/* End PBXProject section */

/* Begin PBXResourcesBuildPhase section */
		0A7E5F222AEA38750077E9EE /* Resources */ = {
			isa = PBXResourcesBuildPhase;
			buildActionMask = 2147483647;
			files = (
				0AB6564C2AF26058002F1B04 /* CreateOrder.json in Resources */,
				0A7E5F2F2AEA38760077E9EE /* Preview Assets.xcassets in Resources */,
				0A7E5F2C2AEA38760077E9EE /* Assets.xcassets in Resources */,
				0AB6564A2AF26030002F1B04 /* MockData.json in Resources */,
			);
			runOnlyForDeploymentPostprocessing = 0;
		};
/* End PBXResourcesBuildPhase section */

/* Begin PBXSourcesBuildPhase section */
		0A7E5F202AEA38750077E9EE /* Sources */ = {
			isa = PBXSourcesBuildPhase;
			buildActionMask = 2147483647;
			files = (
				0AB6563F2AF0D2E5002F1B04 /* LabelView.swift in Sources */,
				0A3269BD2AF3A2F10052E5BD /* CreateOrderViewModel.swift in Sources */,
				0A5BF0372AF3B3E50036C559 /* ButtonView.swift in Sources */,
				0AB656422AF0D6DE002F1B04 /* DynamicModel.swift in Sources */,
				0A3269BB2AF39B050052E5BD /* SpacerView.swift in Sources */,
				0A75B0032AF8E7D0008DC9E8 /* DropdownView.swift in Sources */,
				0A3269B92AF389910052E5BD /* TextFieldView.swift in Sources */,
				0A7E5F282AEA38750077E9EE /* DynamicUIApp.swift in Sources */,
				0AB656522AF26AA3002F1B04 /* CreateOrderView.swift in Sources */,
			);
			runOnlyForDeploymentPostprocessing = 0;
		};
/* End PBXSourcesBuildPhase section */

/* Begin XCBuildConfiguration section */
		0A7E5F302AEA38760077E9EE /* Debug */ = {
			isa = XCBuildConfiguration;
			buildSettings = {
				ALWAYS_SEARCH_USER_PATHS = NO;
				ASSETCATALOG_COMPILER_GENERATE_SWIFT_ASSET_SYMBOL_EXTENSIONS = YES;
				CLANG_ANALYZER_NONNULL = YES;
				CLANG_ANALYZER_NUMBER_OBJECT_CONVERSION = YES_AGGRESSIVE;
				CLANG_CXX_LANGUAGE_STANDARD = "gnu++20";
				CLANG_ENABLE_MODULES = YES;
				CLANG_ENABLE_OBJC_ARC = YES;
				CLANG_ENABLE_OBJC_WEAK = YES;
				CLANG_WARN_BLOCK_CAPTURE_AUTORELEASING = YES;
				CLANG_WARN_BOOL_CONVERSION = YES;
				CLANG_WARN_COMMA = YES;
				CLANG_WARN_CONSTANT_CONVERSION = YES;
				CLANG_WARN_DEPRECATED_OBJC_IMPLEMENTATIONS = YES;
				CLANG_WARN_DIRECT_OBJC_ISA_USAGE = YES_ERROR;
				CLANG_WARN_DOCUMENTATION_COMMENTS = YES;
				CLANG_WARN_EMPTY_BODY = YES;
				CLANG_WARN_ENUM_CONVERSION = YES;
				CLANG_WARN_INFINITE_RECURSION = YES;
				CLANG_WARN_INT_CONVERSION = YES;
				CLANG_WARN_NON_LITERAL_NULL_CONVERSION = YES;
				CLANG_WARN_OBJC_IMPLICIT_RETAIN_SELF = YES;
				CLANG_WARN_OBJC_LITERAL_CONVERSION = YES;
				CLANG_WARN_OBJC_ROOT_CLASS = YES_ERROR;
				CLANG_WARN_QUOTED_INCLUDE_IN_FRAMEWORK_HEADER = YES;
				CLANG_WARN_RANGE_LOOP_ANALYSIS = YES;
				CLANG_WARN_STRICT_PROTOTYPES = YES;
				CLANG_WARN_SUSPICIOUS_MOVE = YES;
				CLANG_WARN_UNGUARDED_AVAILABILITY = YES_AGGRESSIVE;
				CLANG_WARN_UNREACHABLE_CODE = YES;
				CLANG_WARN__DUPLICATE_METHOD_MATCH = YES;
				COPY_PHASE_STRIP = NO;
				DEBUG_INFORMATION_FORMAT = dwarf;
				ENABLE_STRICT_OBJC_MSGSEND = YES;
				ENABLE_TESTABILITY = YES;
				ENABLE_USER_SCRIPT_SANDBOXING = YES;
				GCC_C_LANGUAGE_STANDARD = gnu17;
				GCC_DYNAMIC_NO_PIC = NO;
				GCC_NO_COMMON_BLOCKS = YES;
				GCC_OPTIMIZATION_LEVEL = 0;
				GCC_PREPROCESSOR_DEFINITIONS = (
					"DEBUG=1",
					"$(inherited)",
				);
				GCC_WARN_64_TO_32_BIT_CONVERSION = YES;
				GCC_WARN_ABOUT_RETURN_TYPE = YES_ERROR;
				GCC_WARN_UNDECLARED_SELECTOR = YES;
				GCC_WARN_UNINITIALIZED_AUTOS = YES_AGGRESSIVE;
				GCC_WARN_UNUSED_FUNCTION = YES;
				GCC_WARN_UNUSED_VARIABLE = YES;
				IPHONEOS_DEPLOYMENT_TARGET = 17.0;
				LOCALIZATION_PREFERS_STRING_CATALOGS = YES;
				MTL_ENABLE_DEBUG_INFO = INCLUDE_SOURCE;
				MTL_FAST_MATH = YES;
				ONLY_ACTIVE_ARCH = YES;
				SDKROOT = iphoneos;
				SWIFT_ACTIVE_COMPILATION_CONDITIONS = "DEBUG $(inherited)";
				SWIFT_OPTIMIZATION_LEVEL = "-Onone";
			};
			name = Debug;
		};
		0A7E5F312AEA38760077E9EE /* Release */ = {
			isa = XCBuildConfiguration;
			buildSettings = {
				ALWAYS_SEARCH_USER_PATHS = NO;
				ASSETCATALOG_COMPILER_GENERATE_SWIFT_ASSET_SYMBOL_EXTENSIONS = YES;
				CLANG_ANALYZER_NONNULL = YES;
				CLANG_ANALYZER_NUMBER_OBJECT_CONVERSION = YES_AGGRESSIVE;
				CLANG_CXX_LANGUAGE_STANDARD = "gnu++20";
				CLANG_ENABLE_MODULES = YES;
				CLANG_ENABLE_OBJC_ARC = YES;
				CLANG_ENABLE_OBJC_WEAK = YES;
				CLANG_WARN_BLOCK_CAPTURE_AUTORELEASING = YES;
				CLANG_WARN_BOOL_CONVERSION = YES;
				CLANG_WARN_COMMA = YES;
				CLANG_WARN_CONSTANT_CONVERSION = YES;
				CLANG_WARN_DEPRECATED_OBJC_IMPLEMENTATIONS = YES;
				CLANG_WARN_DIRECT_OBJC_ISA_USAGE = YES_ERROR;
				CLANG_WARN_DOCUMENTATION_COMMENTS = YES;
				CLANG_WARN_EMPTY_BODY = YES;
				CLANG_WARN_ENUM_CONVERSION = YES;
				CLANG_WARN_INFINITE_RECURSION = YES;
				CLANG_WARN_INT_CONVERSION = YES;
				CLANG_WARN_NON_LITERAL_NULL_CONVERSION = YES;
				CLANG_WARN_OBJC_IMPLICIT_RETAIN_SELF = YES;
				CLANG_WARN_OBJC_LITERAL_CONVERSION = YES;
				CLANG_WARN_OBJC_ROOT_CLASS = YES_ERROR;
				CLANG_WARN_QUOTED_INCLUDE_IN_FRAMEWORK_HEADER = YES;
				CLANG_WARN_RANGE_LOOP_ANALYSIS = YES;
				CLANG_WARN_STRICT_PROTOTYPES = YES;
				CLANG_WARN_SUSPICIOUS_MOVE = YES;
				CLANG_WARN_UNGUARDED_AVAILABILITY = YES_AGGRESSIVE;
				CLANG_WARN_UNREACHABLE_CODE = YES;
				CLANG_WARN__DUPLICATE_METHOD_MATCH = YES;
				COPY_PHASE_STRIP = NO;
				DEBUG_INFORMATION_FORMAT = "dwarf-with-dsym";
				ENABLE_NS_ASSERTIONS = NO;
				ENABLE_STRICT_OBJC_MSGSEND = YES;
				ENABLE_USER_SCRIPT_SANDBOXING = YES;
				GCC_C_LANGUAGE_STANDARD = gnu17;
				GCC_NO_COMMON_BLOCKS = YES;
				GCC_WARN_64_TO_32_BIT_CONVERSION = YES;
				GCC_WARN_ABOUT_RETURN_TYPE = YES_ERROR;
				GCC_WARN_UNDECLARED_SELECTOR = YES;
				GCC_WARN_UNINITIALIZED_AUTOS = YES_AGGRESSIVE;
				GCC_WARN_UNUSED_FUNCTION = YES;
				GCC_WARN_UNUSED_VARIABLE = YES;
				IPHONEOS_DEPLOYMENT_TARGET = 17.0;
				LOCALIZATION_PREFERS_STRING_CATALOGS = YES;
				MTL_ENABLE_DEBUG_INFO = NO;
				MTL_FAST_MATH = YES;
				SDKROOT = iphoneos;
				SWIFT_COMPILATION_MODE = wholemodule;
				VALIDATE_PRODUCT = YES;
			};
			name = Release;
		};
		0A7E5F332AEA38760077E9EE /* Debug */ = {
			isa = XCBuildConfiguration;
			buildSettings = {
				ASSETCATALOG_COMPILER_APPICON_NAME = AppIcon;
				ASSETCATALOG_COMPILER_GLOBAL_ACCENT_COLOR_NAME = AccentColor;
				CODE_SIGN_STYLE = Automatic;
				CURRENT_PROJECT_VERSION = 1;
				DEVELOPMENT_ASSET_PATHS = "\"DynamicUI/Preview Content\"";
				DEVELOPMENT_TEAM = LCU5R882R4;
				ENABLE_PREVIEWS = YES;
				GENERATE_INFOPLIST_FILE = YES;
				INFOPLIST_KEY_UIApplicationSceneManifest_Generation = YES;
				INFOPLIST_KEY_UIApplicationSupportsIndirectInputEvents = YES;
				INFOPLIST_KEY_UILaunchScreen_Generation = YES;
				INFOPLIST_KEY_UISupportedInterfaceOrientations_iPad = "UIInterfaceOrientationPortrait UIInterfaceOrientationPortraitUpsideDown UIInterfaceOrientationLandscapeLeft UIInterfaceOrientationLandscapeRight";
				INFOPLIST_KEY_UISupportedInterfaceOrientations_iPhone = "UIInterfaceOrientationPortrait UIInterfaceOrientationLandscapeLeft UIInterfaceOrientationLandscapeRight";
				LD_RUNPATH_SEARCH_PATHS = (
					"$(inherited)",
					"@executable_path/Frameworks",
				);
				MARKETING_VERSION = 1.0;
				PRODUCT_BUNDLE_IDENTIFIER = HTC.DynamicUI;
				PRODUCT_NAME = "$(TARGET_NAME)";
				SWIFT_EMIT_LOC_STRINGS = YES;
				SWIFT_VERSION = 5.0;
				TARGETED_DEVICE_FAMILY = "1,2";
			};
			name = Debug;
		};
		0A7E5F342AEA38760077E9EE /* Release */ = {
			isa = XCBuildConfiguration;
			buildSettings = {
				ASSETCATALOG_COMPILER_APPICON_NAME = AppIcon;
				ASSETCATALOG_COMPILER_GLOBAL_ACCENT_COLOR_NAME = AccentColor;
				CODE_SIGN_STYLE = Automatic;
				CURRENT_PROJECT_VERSION = 1;
				DEVELOPMENT_ASSET_PATHS = "\"DynamicUI/Preview Content\"";
				DEVELOPMENT_TEAM = LCU5R882R4;
				ENABLE_PREVIEWS = YES;
				GENERATE_INFOPLIST_FILE = YES;
				INFOPLIST_KEY_UIApplicationSceneManifest_Generation = YES;
				INFOPLIST_KEY_UIApplicationSupportsIndirectInputEvents = YES;
				INFOPLIST_KEY_UILaunchScreen_Generation = YES;
				INFOPLIST_KEY_UISupportedInterfaceOrientations_iPad = "UIInterfaceOrientationPortrait UIInterfaceOrientationPortraitUpsideDown UIInterfaceOrientationLandscapeLeft UIInterfaceOrientationLandscapeRight";
				INFOPLIST_KEY_UISupportedInterfaceOrientations_iPhone = "UIInterfaceOrientationPortrait UIInterfaceOrientationLandscapeLeft UIInterfaceOrientationLandscapeRight";
				LD_RUNPATH_SEARCH_PATHS = (
					"$(inherited)",
					"@executable_path/Frameworks",
				);
				MARKETING_VERSION = 1.0;
				PRODUCT_BUNDLE_IDENTIFIER = HTC.DynamicUI;
				PRODUCT_NAME = "$(TARGET_NAME)";
				SWIFT_EMIT_LOC_STRINGS = YES;
				SWIFT_VERSION = 5.0;
				TARGETED_DEVICE_FAMILY = "1,2";
			};
			name = Release;
		};
/* End XCBuildConfiguration section */

/* Begin XCConfigurationList section */
		0A7E5F1F2AEA38750077E9EE /* Build configuration list for PBXProject "DynamicUI" */ = {
			isa = XCConfigurationList;
			buildConfigurations = (
				0A7E5F302AEA38760077E9EE /* Debug */,
				0A7E5F312AEA38760077E9EE /* Release */,
			);
			defaultConfigurationIsVisible = 0;
			defaultConfigurationName = Release;
		};
		0A7E5F322AEA38760077E9EE /* Build configuration list for PBXNativeTarget "DynamicUI" */ = {
			isa = XCConfigurationList;
			buildConfigurations = (
				0A7E5F332AEA38760077E9EE /* Debug */,
				0A7E5F342AEA38760077E9EE /* Release */,
			);
			defaultConfigurationIsVisible = 0;
			defaultConfigurationName = Release;
		};
/* End XCConfigurationList section */
	};
	rootObject = 0A7E5F1C2AEA38750077E9EE /* Project object */;
}
